
Microsoft Visual Studio Solution File, Format Version 12.00
# Visual Studio Version 17
VisualStudioVersion = 17.3.32825.248
MinimumVisualStudioVersion = 10.0.40219.1
Project("{FAE04EC0-301F-11D3-BF4B-00C04F79EFBC}") = "Chat", "Survey02\Chat.csproj", "{26438AC0-4403-4D23-B2C7-277F4D6E04A2}"
EndProject
Global
	GlobalSection(SolutionConfigurationPlatforms) = preSolution
		Debug|Any CPU = Debug|Any CPU
		Release|Any CPU = Release|Any CPU
	EndGlobalSection
	GlobalSection(ProjectConfigurationPlatforms) = postSolution
		{26438AC0-4403-4D23-B2C7-277F4D6E04A2}.Debug|Any CPU.ActiveCfg = Debug|Any CPU
		{26438AC0-4403-4D23-B2C7-277F4D6E04A2}.Debug|Any CPU.Build.0 = Debug|Any CPU
		{26438AC0-4403-4D23-B2C7-277F4D6E04A2}.Release|Any CPU.ActiveCfg = Release|Any CPU
		{26438AC0-4403-4D23-B2C7-277F4D6E04A2}.Release|Any CPU.Build.0 = Release|Any CPU
	EndGlobalSection
	GlobalSection(SolutionProperties) = preSolution
		HideSolutionNode = FALSE
	EndGlobalSection
	GlobalSection(ExtensibilityGlobals) = postSolution
		SolutionGuid = {FAF94F71-CD96-4147-8CAA-23F64016F14D}
	EndGlobalSection
EndGlobal
