
Microsoft Visual Studio Solution File, Format Version 12.00
# Visual Studio Version 17
VisualStudioVersion = 17.3.32929.385
MinimumVisualStudioVersion = 10.0.40219.1
Project("{FAE04EC0-301F-11D3-BF4B-00C04F79EFBC}") = "DianaHakim", "DianaHakim\DianaHakim.csproj", "{6EF326B4-5E7F-484E-A448-4163BD3B1EA7}"
EndProject
Project("{FAE04EC0-301F-11D3-BF4B-00C04F79EFBC}") = "Calculator", "Calculator\Calculator.csproj", "{585F346B-BFE1-445A-BEE7-6305D6818DC7}"
EndProject
Global
	GlobalSection(SolutionConfigurationPlatforms) = preSolution
		Debug|Any CPU = Debug|Any CPU
		Release|Any CPU = Release|Any CPU
	EndGlobalSection
	GlobalSection(ProjectConfigurationPlatforms) = postSolution
		{6EF326B4-5E7F-484E-A448-4163BD3B1EA7}.Debug|Any CPU.ActiveCfg = Debug|Any CPU
		{6EF326B4-5E7F-484E-A448-4163BD3B1EA7}.Debug|Any CPU.Build.0 = Debug|Any CPU
		{6EF326B4-5E7F-484E-A448-4163BD3B1EA7}.Release|Any CPU.ActiveCfg = Release|Any CPU
		{6EF326B4-5E7F-484E-A448-4163BD3B1EA7}.Release|Any CPU.Build.0 = Release|Any CPU
		{585F346B-BFE1-445A-BEE7-6305D6818DC7}.Debug|Any CPU.ActiveCfg = Debug|Any CPU
		{585F346B-BFE1-445A-BEE7-6305D6818DC7}.Debug|Any CPU.Build.0 = Debug|Any CPU
		{585F346B-BFE1-445A-BEE7-6305D6818DC7}.Release|Any CPU.ActiveCfg = Release|Any CPU
		{585F346B-BFE1-445A-BEE7-6305D6818DC7}.Release|Any CPU.Build.0 = Release|Any CPU
	EndGlobalSection
	GlobalSection(SolutionProperties) = preSolution
		HideSolutionNode = FALSE
	EndGlobalSection
	GlobalSection(ExtensibilityGlobals) = postSolution
		SolutionGuid = {1490A5ED-62A6-4B7E-A522-60C9ED58AFF7}
	EndGlobalSection
EndGlobal
