
Microsoft Visual Studio Solution File, Format Version 12.00
# Visual Studio Version 17
VisualStudioVersion = 17.3.32825.248
MinimumVisualStudioVersion = 10.0.40219.1
Project("{FAE04EC0-301F-11D3-BF4B-00C04F79EFBC}") = "Zodiac", "Zodiac\Zodiac.csproj", "{55D4B7D0-3C3B-48AF-A438-07B5BB4297FC}"
EndProject
Global
	GlobalSection(SolutionConfigurationPlatforms) = preSolution
		Debug|Any CPU = Debug|Any CPU
		Release|Any CPU = Release|Any CPU
	EndGlobalSection
	GlobalSection(ProjectConfigurationPlatforms) = postSolution
		{55D4B7D0-3C3B-48AF-A438-07B5BB4297FC}.Debug|Any CPU.ActiveCfg = Debug|Any CPU
		{55D4B7D0-3C3B-48AF-A438-07B5BB4297FC}.Debug|Any CPU.Build.0 = Debug|Any CPU
		{55D4B7D0-3C3B-48AF-A438-07B5BB4297FC}.Release|Any CPU.ActiveCfg = Release|Any CPU
		{55D4B7D0-3C3B-48AF-A438-07B5BB4297FC}.Release|Any CPU.Build.0 = Release|Any CPU
	EndGlobalSection
	GlobalSection(SolutionProperties) = preSolution
		HideSolutionNode = FALSE
	EndGlobalSection
	GlobalSection(ExtensibilityGlobals) = postSolution
		SolutionGuid = {C4B5155E-B3F0-482E-8DB8-FB8F21F814CF}
	EndGlobalSection
EndGlobal
