
Microsoft Visual Studio Solution File, Format Version 12.00
# Visual Studio Version 17
VisualStudioVersion = 17.3.32929.385
MinimumVisualStudioVersion = 10.0.40219.1
Project("{FAE04EC0-301F-11D3-BF4B-00C04F79EFBC}") = "TechCheck01", "TechCheck01\TechCheck01.csproj", "{9B3BD1BB-95D5-470D-BDC2-B182AC62BA85}"
EndProject
Project("{FAE04EC0-301F-11D3-BF4B-00C04F79EFBC}") = "UnitTestProject1", "UnitTestProject1\UnitTestProject1.csproj", "{6D85D7B8-4BC9-4809-B570-E45785CAA9D7}"
EndProject
Global
	GlobalSection(SolutionConfigurationPlatforms) = preSolution
		Debug|Any CPU = Debug|Any CPU
		Release|Any CPU = Release|Any CPU
	EndGlobalSection
	GlobalSection(ProjectConfigurationPlatforms) = postSolution
		{9B3BD1BB-95D5-470D-BDC2-B182AC62BA85}.Debug|Any CPU.ActiveCfg = Debug|Any CPU
		{9B3BD1BB-95D5-470D-BDC2-B182AC62BA85}.Debug|Any CPU.Build.0 = Debug|Any CPU
		{9B3BD1BB-95D5-470D-BDC2-B182AC62BA85}.Release|Any CPU.ActiveCfg = Release|Any CPU
		{9B3BD1BB-95D5-470D-BDC2-B182AC62BA85}.Release|Any CPU.Build.0 = Release|Any CPU
		{6D85D7B8-4BC9-4809-B570-E45785CAA9D7}.Debug|Any CPU.ActiveCfg = Debug|Any CPU
		{6D85D7B8-4BC9-4809-B570-E45785CAA9D7}.Debug|Any CPU.Build.0 = Debug|Any CPU
		{6D85D7B8-4BC9-4809-B570-E45785CAA9D7}.Release|Any CPU.ActiveCfg = Release|Any CPU
		{6D85D7B8-4BC9-4809-B570-E45785CAA9D7}.Release|Any CPU.Build.0 = Release|Any CPU
	EndGlobalSection
	GlobalSection(SolutionProperties) = preSolution
		HideSolutionNode = FALSE
	EndGlobalSection
	GlobalSection(ExtensibilityGlobals) = postSolution
		SolutionGuid = {F59D5BAA-C33D-4330-BE80-4B6B52E7A140}
	EndGlobalSection
EndGlobal
