
Microsoft Visual Studio Solution File, Format Version 12.00
# Visual Studio Version 17
VisualStudioVersion = 17.0.31903.59
MinimumVisualStudioVersion = 10.0.40219.1
Project("{FAE04EC0-301F-11D3-BF4B-00C04F79EFBC}") = "NewApp", "NewApp\NewApp.csproj", "{C0AB9073-3AD1-41B6-BDB2-5C7BBD949DA5}"
EndProject
Global
	GlobalSection(SolutionConfigurationPlatforms) = preSolution
		Debug|Any CPU = Debug|Any CPU
		Release|Any CPU = Release|Any CPU
	EndGlobalSection
	GlobalSection(ProjectConfigurationPlatforms) = postSolution
		{C0AB9073-3AD1-41B6-BDB2-5C7BBD949DA5}.Debug|Any CPU.ActiveCfg = Debug|Any CPU
		{C0AB9073-3AD1-41B6-BDB2-5C7BBD949DA5}.Debug|Any CPU.Build.0 = Debug|Any CPU
		{C0AB9073-3AD1-41B6-BDB2-5C7BBD949DA5}.Release|Any CPU.ActiveCfg = Release|Any CPU
		{C0AB9073-3AD1-41B6-BDB2-5C7BBD949DA5}.Release|Any CPU.Build.0 = Release|Any CPU
	EndGlobalSection
	GlobalSection(SolutionProperties) = preSolution
		HideSolutionNode = FALSE
	EndGlobalSection
	GlobalSection(ExtensibilityGlobals) = postSolution
		SolutionGuid = {1E6C74F9-A1CC-4158-9586-7DC27A2EBE64}
	EndGlobalSection
EndGlobal
